// !$*UTF8*$!
{
	archiveVersion = 1;
	classes = {
	};
	objectVersion = 50;
	objects = {

/* Begin PBXBuildFile section */
		D80025FE2869E77100BA0271 /* FavoriteButton.swift in Sources */ = {isa = PBXBuildFile; fileRef = D80025FD2869E77100BA0271 /* FavoriteButton.swift */; };
		D8064FE72867F618008E483F /* LandmarksApp.swift in Sources */ = {isa = PBXBuildFile; fileRef = D8064FE62867F618008E483F /* LandmarksApp.swift */; };
		D8064FE92867F618008E483F /* ContentView.swift in Sources */ = {isa = PBXBuildFile; fileRef = D8064FE82867F618008E483F /* ContentView.swift */; };
		D8064FEB2867F619008E483F /* Assets.xcassets in Resources */ = {isa = PBXBuildFile; fileRef = D8064FEA2867F619008E483F /* Assets.xcassets */; };
		D8064FEE2867F619008E483F /* Preview Assets.xcassets in Resources */ = {isa = PBXBuildFile; fileRef = D8064FED2867F619008E483F /* Preview Assets.xcassets */; };
		D8064FF92867F619008E483F /* LandmarksTests.swift in Sources */ = {isa = PBXBuildFile; fileRef = D8064FF82867F619008E483F /* LandmarksTests.swift */; };
		D80650042867F619008E483F /* LandmarksUITests.swift in Sources */ = {isa = PBXBuildFile; fileRef = D80650032867F619008E483F /* LandmarksUITests.swift */; };
		D80650152867F695008E483F /* CircleImage.swift in Sources */ = {isa = PBXBuildFile; fileRef = D80650142867F695008E483F /* CircleImage.swift */; };
		D806502A2867FC6F008E483F /* MapView.swift in Sources */ = {isa = PBXBuildFile; fileRef = D80650292867FC6F008E483F /* MapView.swift */; };
		D806502F2867FEC7008E483F /* landmarkData.json in Resources */ = {isa = PBXBuildFile; fileRef = D806502E2867FEC7008E483F /* landmarkData.json */; };
		D806503A2867FF65008E483F /* Landmark.swift in Sources */ = {isa = PBXBuildFile; fileRef = D80650392867FF65008E483F /* Landmark.swift */; };
		D8065042286801FD008E483F /* ModelData.swift in Sources */ = {isa = PBXBuildFile; fileRef = D8065041286801FD008E483F /* ModelData.swift */; };
		D806504728680490008E483F /* LandmarkRow.swift in Sources */ = {isa = PBXBuildFile; fileRef = D806504628680490008E483F /* LandmarkRow.swift */; };
		D806504C28685014008E483F /* LandmarkList.swift in Sources */ = {isa = PBXBuildFile; fileRef = D806504B28685014008E483F /* LandmarkList.swift */; };
		D80650512868596C008E483F /* LandmarkDetail.swift in Sources */ = {isa = PBXBuildFile; fileRef = D80650502868596C008E483F /* LandmarkDetail.swift */; };
		D813145428732738003D9DCC /* Hike.swift in Sources */ = {isa = PBXBuildFile; fileRef = D813145328732738003D9DCC /* Hike.swift */; };
		D81314592873281A003D9DCC /* hikeData.json in Resources */ = {isa = PBXBuildFile; fileRef = D81314582873281A003D9DCC /* hikeData.json */; };
		D813146228732C65003D9DCC /* GraphCapsule.swift in Sources */ = {isa = PBXBuildFile; fileRef = D813145E28732C65003D9DCC /* GraphCapsule.swift */; };
		D813146328732C65003D9DCC /* HikeGraph.swift in Sources */ = {isa = PBXBuildFile; fileRef = D813145F28732C65003D9DCC /* HikeGraph.swift */; };
		D813146428732C65003D9DCC /* HikeDetail.swift in Sources */ = {isa = PBXBuildFile; fileRef = D813146028732C65003D9DCC /* HikeDetail.swift */; };
		D813146528732C65003D9DCC /* HikeView.swift in Sources */ = {isa = PBXBuildFile; fileRef = D813146128732C65003D9DCC /* HikeView.swift */; };
		D83F9C9C289FBB09001C488E /* LandmarkList.swift in Sources */ = {isa = PBXBuildFile; fileRef = D83F9C9B289FBB09001C488E /* LandmarkList.swift */; };
		D83F9CD0289FC6FF001C488E /* LandmarkCommands.swift in Sources */ = {isa = PBXBuildFile; fileRef = D83F9CB5289FC6F3001C488E /* LandmarkCommands.swift */; };
		D83F9CD9289FC703001C488E /* LandmarkCommands.swift in Sources */ = {isa = PBXBuildFile; fileRef = D83F9CB5289FC6F3001C488E /* LandmarkCommands.swift */; };
		D84A435028A3EC78002E0402 /* LandmarkSettings.swift in Sources */ = {isa = PBXBuildFile; fileRef = D84A434F28A3EC78002E0402 /* LandmarkSettings.swift */; };
		D891377228714D75007872CB /* HexagonParameters.swift in Sources */ = {isa = PBXBuildFile; fileRef = D891377128714D75007872CB /* HexagonParameters.swift */; };
		D8913777287150D1007872CB /* BadgeBackground.swift in Sources */ = {isa = PBXBuildFile; fileRef = D8913776287150D1007872CB /* BadgeBackground.swift */; };
		D891377C28715EFB007872CB /* BadgeSymbol.swift in Sources */ = {isa = PBXBuildFile; fileRef = D891377B28715EFB007872CB /* BadgeSymbol.swift */; };
		D891378128717CD4007872CB /* RotatedBadgeSymbol.swift in Sources */ = {isa = PBXBuildFile; fileRef = D891378028717CD4007872CB /* RotatedBadgeSymbol.swift */; };
		D891378628717D7F007872CB /* Badge.swift in Sources */ = {isa = PBXBuildFile; fileRef = D891378528717D7F007872CB /* Badge.swift */; };
		D8951625288D68C000BD4FFB /* ProfileEditor.swift in Sources */ = {isa = PBXBuildFile; fileRef = D8951624288D68C000BD4FFB /* ProfileEditor.swift */; };
		D89666BF2882C8140036714A /* CategoryRow.swift in Sources */ = {isa = PBXBuildFile; fileRef = D89666BE2882C8140036714A /* CategoryRow.swift */; };
		D8998A512887FC5600F951F0 /* Profile.swift in Sources */ = {isa = PBXBuildFile; fileRef = D8998A502887FC5600F951F0 /* Profile.swift */; };
		D8998A572887FDB600F951F0 /* ProfileHost.swift in Sources */ = {isa = PBXBuildFile; fileRef = D8998A562887FDB600F951F0 /* ProfileHost.swift */; };
		D8998A5C2887FE5000F951F0 /* ProfileSummary.swift in Sources */ = {isa = PBXBuildFile; fileRef = D8998A5B2887FE5000F951F0 /* ProfileSummary.swift */; };
		D8998A612888002600F951F0 /* HikeBadge.swift in Sources */ = {isa = PBXBuildFile; fileRef = D8998A602888002600F951F0 /* HikeBadge.swift */; };
		D8B80BBC289648D80004012E /* PageControl.swift in Sources */ = {isa = PBXBuildFile; fileRef = D8B80BBB289648D80004012E /* PageControl.swift */; };
		D8E6F755288410EC00517281 /* CategoryItem.swift in Sources */ = {isa = PBXBuildFile; fileRef = D8E6F754288410EC00517281 /* CategoryItem.swift */; };
		D8E8145B287C53B600577432 /* CategoryHome.swift in Sources */ = {isa = PBXBuildFile; fileRef = D8E8145A287C53B600577432 /* CategoryHome.swift */; };
		D8E95BCB28901FBA0014971A /* PageViewController.swift in Sources */ = {isa = PBXBuildFile; fileRef = D8E95BCA28901FBA0014971A /* PageViewController.swift */; };
		D8E95BD0289023700014971A /* FeatureCard.swift in Sources */ = {isa = PBXBuildFile; fileRef = D8E95BCF289023700014971A /* FeatureCard.swift */; };
		D8E95BD5289027150014971A /* PageView.swift in Sources */ = {isa = PBXBuildFile; fileRef = D8E95BD4289027150014971A /* PageView.swift */; };
		D8F6119E289803DC002D3F74 /* Assets.xcassets in Resources */ = {isa = PBXBuildFile; fileRef = D8F6119D289803DC002D3F74 /* Assets.xcassets */; };
		D8F611A5289803DC002D3F74 /* WatchLandmarks Extension.appex in Embed App Extensions */ = {isa = PBXBuildFile; fileRef = D8F611A4289803DC002D3F74 /* WatchLandmarks Extension.appex */; settings = {ATTRIBUTES = (RemoveHeadersOnCopy, ); }; };
		D8F611AC289803DC002D3F74 /* ContentView.swift in Sources */ = {isa = PBXBuildFile; fileRef = D8F611AB289803DC002D3F74 /* ContentView.swift */; };
		D8F611AE289803DC002D3F74 /* NotificationController.swift in Sources */ = {isa = PBXBuildFile; fileRef = D8F611AD289803DC002D3F74 /* NotificationController.swift */; };
		D8F611B0289803DC002D3F74 /* NotificationView.swift in Sources */ = {isa = PBXBuildFile; fileRef = D8F611AF289803DC002D3F74 /* NotificationView.swift */; };
		D8F611B2289803DC002D3F74 /* ComplicationController.swift in Sources */ = {isa = PBXBuildFile; fileRef = D8F611B1289803DC002D3F74 /* ComplicationController.swift */; };
		D8F611B4289803DC002D3F74 /* Assets.xcassets in Resources */ = {isa = PBXBuildFile; fileRef = D8F611B3289803DC002D3F74 /* Assets.xcassets */; };
		D8F611B7289803DC002D3F74 /* Preview Assets.xcassets in Resources */ = {isa = PBXBuildFile; fileRef = D8F611B6289803DC002D3F74 /* Preview Assets.xcassets */; };
		D8F611BC289803DC002D3F74 /* WatchLandmarks.app in Embed Watch Content */ = {isa = PBXBuildFile; fileRef = D8F6119B289803DA002D3F74 /* WatchLandmarks.app */; settings = {ATTRIBUTES = (RemoveHeadersOnCopy, ); }; };
		D8F611D4289806F2002D3F74 /* Landmark.swift in Sources */ = {isa = PBXBuildFile; fileRef = D80650392867FF65008E483F /* Landmark.swift */; };
		D8F611D5289806F2002D3F74 /* Profile.swift in Sources */ = {isa = PBXBuildFile; fileRef = D8998A502887FC5600F951F0 /* Profile.swift */; };
		D8F611D6289806F2002D3F74 /* LandmarkRow.swift in Sources */ = {isa = PBXBuildFile; fileRef = D806504628680490008E483F /* LandmarkRow.swift */; };
		D8F611D7289806F2002D3F74 /* CircleImage.swift in Sources */ = {isa = PBXBuildFile; fileRef = D80650142867F695008E483F /* CircleImage.swift */; };
		D8F611D8289806F2002D3F74 /* landmarkData.json in Resources */ = {isa = PBXBuildFile; fileRef = D806502E2867FEC7008E483F /* landmarkData.json */; };
		D8F611D9289806F2002D3F74 /* Assets.xcassets in Resources */ = {isa = PBXBuildFile; fileRef = D8064FEA2867F619008E483F /* Assets.xcassets */; };
		D8F611DB289806F2002D3F74 /* ModelData.swift in Sources */ = {isa = PBXBuildFile; fileRef = D8065041286801FD008E483F /* ModelData.swift */; };
		D8F611DC289806F2002D3F74 /* Hike.swift in Sources */ = {isa = PBXBuildFile; fileRef = D813145328732738003D9DCC /* Hike.swift */; };
		D8F611DD289806F2002D3F74 /* MapView.swift in Sources */ = {isa = PBXBuildFile; fileRef = D80650292867FC6F008E483F /* MapView.swift */; };
		D8F611DE289806F2002D3F74 /* hikeData.json in Resources */ = {isa = PBXBuildFile; fileRef = D81314582873281A003D9DCC /* hikeData.json */; };
		D8F611DF289806F2002D3F74 /* LandmarksApp.swift in Sources */ = {isa = PBXBuildFile; fileRef = D8064FE62867F618008E483F /* LandmarksApp.swift */; };
		D8F611E628980837002D3F74 /* LandmarkDetail.swift in Sources */ = {isa = PBXBuildFile; fileRef = D8F611E528980837002D3F74 /* LandmarkDetail.swift */; };
		D8FAC30D289E98CA0029FB34 /* ContentView.swift in Sources */ = {isa = PBXBuildFile; fileRef = D8FAC30C289E98CA0029FB34 /* ContentView.swift */; };
		D8FAC30F289E98CC0029FB34 /* Assets.xcassets in Resources */ = {isa = PBXBuildFile; fileRef = D8FAC30E289E98CC0029FB34 /* Assets.xcassets */; };
		D8FAC312289E98CC0029FB34 /* Preview Assets.xcassets in Resources */ = {isa = PBXBuildFile; fileRef = D8FAC311289E98CC0029FB34 /* Preview Assets.xcassets */; };
		D8FAC31E289E98CC0029FB34 /* MacLandmarksTests.swift in Sources */ = {isa = PBXBuildFile; fileRef = D8FAC31D289E98CC0029FB34 /* MacLandmarksTests.swift */; };
		D8FAC329289E98CC0029FB34 /* MacLandmarksUITests.swift in Sources */ = {isa = PBXBuildFile; fileRef = D8FAC328289E98CC0029FB34 /* MacLandmarksUITests.swift */; };
		D8FAC344289EAFFC0029FB34 /* hikeData.json in Resources */ = {isa = PBXBuildFile; fileRef = D81314582873281A003D9DCC /* hikeData.json */; };
		D8FAC345289EAFFC0029FB34 /* Assets.xcassets in Resources */ = {isa = PBXBuildFile; fileRef = D8064FEA2867F619008E483F /* Assets.xcassets */; };
		D8FAC346289EAFFC0029FB34 /* MapView.swift in Sources */ = {isa = PBXBuildFile; fileRef = D80650292867FC6F008E483F /* MapView.swift */; };
		D8FAC347289EAFFC0029FB34 /* landmarkData.json in Resources */ = {isa = PBXBuildFile; fileRef = D806502E2867FEC7008E483F /* landmarkData.json */; };
		D8FAC348289EAFFC0029FB34 /* LandmarksApp.swift in Sources */ = {isa = PBXBuildFile; fileRef = D8064FE62867F618008E483F /* LandmarksApp.swift */; };
		D8FAC349289EAFFC0029FB34 /* Hike.swift in Sources */ = {isa = PBXBuildFile; fileRef = D813145328732738003D9DCC /* Hike.swift */; };
		D8FAC34B289EAFFC0029FB34 /* CircleImage.swift in Sources */ = {isa = PBXBuildFile; fileRef = D80650142867F695008E483F /* CircleImage.swift */; };
		D8FAC34C289EAFFC0029FB34 /* LandmarkList.swift in Sources */ = {isa = PBXBuildFile; fileRef = D806504B28685014008E483F /* LandmarkList.swift */; };
		D8FAC34D289EAFFC0029FB34 /* FavoriteButton.swift in Sources */ = {isa = PBXBuildFile; fileRef = D80025FD2869E77100BA0271 /* FavoriteButton.swift */; };
		D8FAC34E289EAFFC0029FB34 /* Landmark.swift in Sources */ = {isa = PBXBuildFile; fileRef = D80650392867FF65008E483F /* Landmark.swift */; };
		D8FAC34F289EAFFC0029FB34 /* ModelData.swift in Sources */ = {isa = PBXBuildFile; fileRef = D8065041286801FD008E483F /* ModelData.swift */; };
		D8FAC350289EAFFC0029FB34 /* Profile.swift in Sources */ = {isa = PBXBuildFile; fileRef = D8998A502887FC5600F951F0 /* Profile.swift */; };
		D8FAC351289EAFFC0029FB34 /* LandmarkRow.swift in Sources */ = {isa = PBXBuildFile; fileRef = D806504628680490008E483F /* LandmarkRow.swift */; };
		D8FAC363289EB16C0029FB34 /* LandmarkDetail.swift in Sources */ = {isa = PBXBuildFile; fileRef = D8FAC362289EB16C0029FB34 /* LandmarkDetail.swift */; };
/* End PBXBuildFile section */

/* Begin PBXContainerItemProxy section */
		D8064FF52867F619008E483F /* PBXContainerItemProxy */ = {
			isa = PBXContainerItemProxy;
			containerPortal = D8064FDB2867F618008E483F /* Project object */;
			proxyType = 1;
			remoteGlobalIDString = D8064FE22867F618008E483F;
			remoteInfo = Landmarks;
		};
		D80650002867F619008E483F /* PBXContainerItemProxy */ = {
			isa = PBXContainerItemProxy;
			containerPortal = D8064FDB2867F618008E483F /* Project object */;
			proxyType = 1;
			remoteGlobalIDString = D8064FE22867F618008E483F;
			remoteInfo = Landmarks;
		};
		D8F611A6289803DC002D3F74 /* PBXContainerItemProxy */ = {
			isa = PBXContainerItemProxy;
			containerPortal = D8064FDB2867F618008E483F /* Project object */;
			proxyType = 1;
			remoteGlobalIDString = D8F611A3289803DC002D3F74;
			remoteInfo = "WatchLandmarks Extension";
		};
		D8F611BA289803DC002D3F74 /* PBXContainerItemProxy */ = {
			isa = PBXContainerItemProxy;
			containerPortal = D8064FDB2867F618008E483F /* Project object */;
			proxyType = 1;
			remoteGlobalIDString = D8F6119A289803DA002D3F74;
			remoteInfo = WatchLandmarks;
		};
		D8FAC31A289E98CC0029FB34 /* PBXContainerItemProxy */ = {
			isa = PBXContainerItemProxy;
			containerPortal = D8064FDB2867F618008E483F /* Project object */;
			proxyType = 1;
			remoteGlobalIDString = D8FAC307289E98CA0029FB34;
			remoteInfo = MacLandmarks;
		};
		D8FAC325289E98CC0029FB34 /* PBXContainerItemProxy */ = {
			isa = PBXContainerItemProxy;
			containerPortal = D8064FDB2867F618008E483F /* Project object */;
			proxyType = 1;
			remoteGlobalIDString = D8FAC307289E98CA0029FB34;
			remoteInfo = MacLandmarks;
		};
/* End PBXContainerItemProxy section */

/* Begin PBXCopyFilesBuildPhase section */
		D8F611BD289803DC002D3F74 /* Embed Watch Content */ = {
			isa = PBXCopyFilesBuildPhase;
			buildActionMask = 2147483647;
			dstPath = "$(CONTENTS_FOLDER_PATH)/Watch";
			dstSubfolderSpec = 16;
			files = (
				D8F611BC289803DC002D3F74 /* WatchLandmarks.app in Embed Watch Content */,
			);
			name = "Embed Watch Content";
			runOnlyForDeploymentPostprocessing = 0;
		};
		D8F611C0289803DC002D3F74 /* Embed App Extensions */ = {
			isa = PBXCopyFilesBuildPhase;
			buildActionMask = 2147483647;
			dstPath = "";
			dstSubfolderSpec = 13;
			files = (
				D8F611A5289803DC002D3F74 /* WatchLandmarks Extension.appex in Embed App Extensions */,
			);
			name = "Embed App Extensions";
			runOnlyForDeploymentPostprocessing = 0;
		};
/* End PBXCopyFilesBuildPhase section */

/* Begin PBXFileReference section */
		D80025FD2869E77100BA0271 /* FavoriteButton.swift */ = {isa = PBXFileReference; lastKnownFileType = sourcecode.swift; path = FavoriteButton.swift; sourceTree = "<group>"; };
		D8064FE32867F618008E483F /* Landmarks.app */ = {isa = PBXFileReference; explicitFileType = wrapper.application; includeInIndex = 0; path = Landmarks.app; sourceTree = BUILT_PRODUCTS_DIR; };
		D8064FE62867F618008E483F /* LandmarksApp.swift */ = {isa = PBXFileReference; lastKnownFileType = sourcecode.swift; path = LandmarksApp.swift; sourceTree = "<group>"; };
		D8064FE82867F618008E483F /* ContentView.swift */ = {isa = PBXFileReference; lastKnownFileType = sourcecode.swift; path = ContentView.swift; sourceTree = "<group>"; };
		D8064FEA2867F619008E483F /* Assets.xcassets */ = {isa = PBXFileReference; lastKnownFileType = folder.assetcatalog; path = Assets.xcassets; sourceTree = "<group>"; };
		D8064FED2867F619008E483F /* Preview Assets.xcassets */ = {isa = PBXFileReference; lastKnownFileType = folder.assetcatalog; path = "Preview Assets.xcassets"; sourceTree = "<group>"; };
		D8064FEF2867F619008E483F /* Info.plist */ = {isa = PBXFileReference; lastKnownFileType = text.plist.xml; path = Info.plist; sourceTree = "<group>"; };
		D8064FF42867F619008E483F /* LandmarksTests.xctest */ = {isa = PBXFileReference; explicitFileType = wrapper.cfbundle; includeInIndex = 0; path = LandmarksTests.xctest; sourceTree = BUILT_PRODUCTS_DIR; };
		D8064FF82867F619008E483F /* LandmarksTests.swift */ = {isa = PBXFileReference; lastKnownFileType = sourcecode.swift; path = LandmarksTests.swift; sourceTree = "<group>"; };
		D8064FFA2867F619008E483F /* Info.plist */ = {isa = PBXFileReference; lastKnownFileType = text.plist.xml; path = Info.plist; sourceTree = "<group>"; };
		D8064FFF2867F619008E483F /* LandmarksUITests.xctest */ = {isa = PBXFileReference; explicitFileType = wrapper.cfbundle; includeInIndex = 0; path = LandmarksUITests.xctest; sourceTree = BUILT_PRODUCTS_DIR; };
		D80650032867F619008E483F /* LandmarksUITests.swift */ = {isa = PBXFileReference; lastKnownFileType = sourcecode.swift; path = LandmarksUITests.swift; sourceTree = "<group>"; };
		D80650052867F619008E483F /* Info.plist */ = {isa = PBXFileReference; lastKnownFileType = text.plist.xml; path = Info.plist; sourceTree = "<group>"; };
		D80650142867F695008E483F /* CircleImage.swift */ = {isa = PBXFileReference; lastKnownFileType = sourcecode.swift; path = CircleImage.swift; sourceTree = "<group>"; };
		D80650292867FC6F008E483F /* MapView.swift */ = {isa = PBXFileReference; lastKnownFileType = sourcecode.swift; path = MapView.swift; sourceTree = "<group>"; };
		D806502E2867FEC7008E483F /* landmarkData.json */ = {isa = PBXFileReference; fileEncoding = 4; lastKnownFileType = text.json; path = landmarkData.json; sourceTree = "<group>"; };
		D80650392867FF65008E483F /* Landmark.swift */ = {isa = PBXFileReference; lastKnownFileType = sourcecode.swift; path = Landmark.swift; sourceTree = "<group>"; };
		D8065041286801FD008E483F /* ModelData.swift */ = {isa = PBXFileReference; lastKnownFileType = sourcecode.swift; path = ModelData.swift; sourceTree = "<group>"; };
		D806504628680490008E483F /* LandmarkRow.swift */ = {isa = PBXFileReference; lastKnownFileType = sourcecode.swift; path = LandmarkRow.swift; sourceTree = "<group>"; };
		D806504B28685014008E483F /* LandmarkList.swift */ = {isa = PBXFileReference; lastKnownFileType = sourcecode.swift; path = LandmarkList.swift; sourceTree = "<group>"; };
		D80650502868596C008E483F /* LandmarkDetail.swift */ = {isa = PBXFileReference; lastKnownFileType = sourcecode.swift; path = LandmarkDetail.swift; sourceTree = "<group>"; };
		D813145328732738003D9DCC /* Hike.swift */ = {isa = PBXFileReference; lastKnownFileType = sourcecode.swift; path = Hike.swift; sourceTree = "<group>"; };
		D81314582873281A003D9DCC /* hikeData.json */ = {isa = PBXFileReference; fileEncoding = 4; lastKnownFileType = text.json; path = hikeData.json; sourceTree = "<group>"; };
		D813145E28732C65003D9DCC /* GraphCapsule.swift */ = {isa = PBXFileReference; fileEncoding = 4; lastKnownFileType = sourcecode.swift; path = GraphCapsule.swift; sourceTree = "<group>"; };
		D813145F28732C65003D9DCC /* HikeGraph.swift */ = {isa = PBXFileReference; fileEncoding = 4; lastKnownFileType = sourcecode.swift; path = HikeGraph.swift; sourceTree = "<group>"; };
		D813146028732C65003D9DCC /* HikeDetail.swift */ = {isa = PBXFileReference; fileEncoding = 4; lastKnownFileType = sourcecode.swift; path = HikeDetail.swift; sourceTree = "<group>"; };
		D813146128732C65003D9DCC /* HikeView.swift */ = {isa = PBXFileReference; fileEncoding = 4; lastKnownFileType = sourcecode.swift; path = HikeView.swift; sourceTree = "<group>"; };
		D83F9C9B289FBB09001C488E /* LandmarkList.swift */ = {isa = PBXFileReference; lastKnownFileType = sourcecode.swift; path = LandmarkList.swift; sourceTree = "<group>"; };
		D83F9CB5289FC6F3001C488E /* LandmarkCommands.swift */ = {isa = PBXFileReference; lastKnownFileType = sourcecode.swift; path = LandmarkCommands.swift; sourceTree = "<group>"; };
		D84A434F28A3EC78002E0402 /* LandmarkSettings.swift */ = {isa = PBXFileReference; lastKnownFileType = sourcecode.swift; path = LandmarkSettings.swift; sourceTree = "<group>"; };
		D891377128714D75007872CB /* HexagonParameters.swift */ = {isa = PBXFileReference; lastKnownFileType = sourcecode.swift; path = HexagonParameters.swift; sourceTree = "<group>"; };
		D8913776287150D1007872CB /* BadgeBackground.swift */ = {isa = PBXFileReference; lastKnownFileType = sourcecode.swift; path = BadgeBackground.swift; sourceTree = "<group>"; };
		D891377B28715EFB007872CB /* BadgeSymbol.swift */ = {isa = PBXFileReference; lastKnownFileType = sourcecode.swift; path = BadgeSymbol.swift; sourceTree = "<group>"; };
		D891378028717CD4007872CB /* RotatedBadgeSymbol.swift */ = {isa = PBXFileReference; lastKnownFileType = sourcecode.swift; path = RotatedBadgeSymbol.swift; sourceTree = "<group>"; };
		D891378528717D7F007872CB /* Badge.swift */ = {isa = PBXFileReference; lastKnownFileType = sourcecode.swift; path = Badge.swift; sourceTree = "<group>"; };
		D8951624288D68C000BD4FFB /* ProfileEditor.swift */ = {isa = PBXFileReference; lastKnownFileType = sourcecode.swift; path = ProfileEditor.swift; sourceTree = "<group>"; };
		D89666BE2882C8140036714A /* CategoryRow.swift */ = {isa = PBXFileReference; lastKnownFileType = sourcecode.swift; path = CategoryRow.swift; sourceTree = "<group>"; };
		D8998A502887FC5600F951F0 /* Profile.swift */ = {isa = PBXFileReference; lastKnownFileType = sourcecode.swift; path = Profile.swift; sourceTree = "<group>"; };
		D8998A562887FDB600F951F0 /* ProfileHost.swift */ = {isa = PBXFileReference; lastKnownFileType = sourcecode.swift; path = ProfileHost.swift; sourceTree = "<group>"; };
		D8998A5B2887FE5000F951F0 /* ProfileSummary.swift */ = {isa = PBXFileReference; lastKnownFileType = sourcecode.swift; path = ProfileSummary.swift; sourceTree = "<group>"; };
		D8998A602888002600F951F0 /* HikeBadge.swift */ = {isa = PBXFileReference; lastKnownFileType = sourcecode.swift; path = HikeBadge.swift; sourceTree = "<group>"; };
		D8B80BBB289648D80004012E /* PageControl.swift */ = {isa = PBXFileReference; lastKnownFileType = sourcecode.swift; path = PageControl.swift; sourceTree = "<group>"; };
		D8E6F754288410EC00517281 /* CategoryItem.swift */ = {isa = PBXFileReference; lastKnownFileType = sourcecode.swift; path = CategoryItem.swift; sourceTree = "<group>"; };
		D8E8145A287C53B600577432 /* CategoryHome.swift */ = {isa = PBXFileReference; lastKnownFileType = sourcecode.swift; path = CategoryHome.swift; sourceTree = "<group>"; };
		D8E95BCA28901FBA0014971A /* PageViewController.swift */ = {isa = PBXFileReference; lastKnownFileType = sourcecode.swift; path = PageViewController.swift; sourceTree = "<group>"; };
		D8E95BCF289023700014971A /* FeatureCard.swift */ = {isa = PBXFileReference; lastKnownFileType = sourcecode.swift; path = FeatureCard.swift; sourceTree = "<group>"; };
		D8E95BD4289027150014971A /* PageView.swift */ = {isa = PBXFileReference; lastKnownFileType = sourcecode.swift; path = PageView.swift; sourceTree = "<group>"; };
		D8F6119B289803DA002D3F74 /* WatchLandmarks.app */ = {isa = PBXFileReference; explicitFileType = wrapper.application; includeInIndex = 0; path = WatchLandmarks.app; sourceTree = BUILT_PRODUCTS_DIR; };
		D8F6119D289803DC002D3F74 /* Assets.xcassets */ = {isa = PBXFileReference; lastKnownFileType = folder.assetcatalog; path = Assets.xcassets; sourceTree = "<group>"; };
		D8F6119F289803DC002D3F74 /* Info.plist */ = {isa = PBXFileReference; lastKnownFileType = text.plist.xml; path = Info.plist; sourceTree = "<group>"; };
		D8F611A4289803DC002D3F74 /* WatchLandmarks Extension.appex */ = {isa = PBXFileReference; explicitFileType = "wrapper.app-extension"; includeInIndex = 0; path = "WatchLandmarks Extension.appex"; sourceTree = BUILT_PRODUCTS_DIR; };
		D8F611AB289803DC002D3F74 /* ContentView.swift */ = {isa = PBXFileReference; lastKnownFileType = sourcecode.swift; path = ContentView.swift; sourceTree = "<group>"; };
		D8F611AD289803DC002D3F74 /* NotificationController.swift */ = {isa = PBXFileReference; lastKnownFileType = sourcecode.swift; path = NotificationController.swift; sourceTree = "<group>"; };
		D8F611AF289803DC002D3F74 /* NotificationView.swift */ = {isa = PBXFileReference; lastKnownFileType = sourcecode.swift; path = NotificationView.swift; sourceTree = "<group>"; };
		D8F611B1289803DC002D3F74 /* ComplicationController.swift */ = {isa = PBXFileReference; lastKnownFileType = sourcecode.swift; path = ComplicationController.swift; sourceTree = "<group>"; };
		D8F611B3289803DC002D3F74 /* Assets.xcassets */ = {isa = PBXFileReference; lastKnownFileType = folder.assetcatalog; path = Assets.xcassets; sourceTree = "<group>"; };
		D8F611B6289803DC002D3F74 /* Preview Assets.xcassets */ = {isa = PBXFileReference; lastKnownFileType = folder.assetcatalog; path = "Preview Assets.xcassets"; sourceTree = "<group>"; };
		D8F611B8289803DC002D3F74 /* Info.plist */ = {isa = PBXFileReference; lastKnownFileType = text.plist.xml; path = Info.plist; sourceTree = "<group>"; };
		D8F611B9289803DC002D3F74 /* PushNotificationPayload.apns */ = {isa = PBXFileReference; lastKnownFileType = text; path = PushNotificationPayload.apns; sourceTree = "<group>"; };
		D8F611E528980837002D3F74 /* LandmarkDetail.swift */ = {isa = PBXFileReference; lastKnownFileType = sourcecode.swift; path = LandmarkDetail.swift; sourceTree = "<group>"; };
		D8FAC308289E98CA0029FB34 /* MacLandmarks.app */ = {isa = PBXFileReference; explicitFileType = wrapper.application; includeInIndex = 0; path = MacLandmarks.app; sourceTree = BUILT_PRODUCTS_DIR; };
		D8FAC30C289E98CA0029FB34 /* ContentView.swift */ = {isa = PBXFileReference; lastKnownFileType = sourcecode.swift; path = ContentView.swift; sourceTree = "<group>"; };
		D8FAC30E289E98CC0029FB34 /* Assets.xcassets */ = {isa = PBXFileReference; lastKnownFileType = folder.assetcatalog; path = Assets.xcassets; sourceTree = "<group>"; };
		D8FAC311289E98CC0029FB34 /* Preview Assets.xcassets */ = {isa = PBXFileReference; lastKnownFileType = folder.assetcatalog; path = "Preview Assets.xcassets"; sourceTree = "<group>"; };
		D8FAC313289E98CC0029FB34 /* Info.plist */ = {isa = PBXFileReference; lastKnownFileType = text.plist.xml; path = Info.plist; sourceTree = "<group>"; };
		D8FAC314289E98CC0029FB34 /* MacLandmarks.entitlements */ = {isa = PBXFileReference; lastKnownFileType = text.plist.entitlements; path = MacLandmarks.entitlements; sourceTree = "<group>"; };
		D8FAC319289E98CC0029FB34 /* MacLandmarksTests.xctest */ = {isa = PBXFileReference; explicitFileType = wrapper.cfbundle; includeInIndex = 0; path = MacLandmarksTests.xctest; sourceTree = BUILT_PRODUCTS_DIR; };
		D8FAC31D289E98CC0029FB34 /* MacLandmarksTests.swift */ = {isa = PBXFileReference; lastKnownFileType = sourcecode.swift; path = MacLandmarksTests.swift; sourceTree = "<group>"; };
		D8FAC31F289E98CC0029FB34 /* Info.plist */ = {isa = PBXFileReference; lastKnownFileType = text.plist.xml; path = Info.plist; sourceTree = "<group>"; };
		D8FAC324289E98CC0029FB34 /* MacLandmarksUITests.xctest */ = {isa = PBXFileReference; explicitFileType = wrapper.cfbundle; includeInIndex = 0; path = MacLandmarksUITests.xctest; sourceTree = BUILT_PRODUCTS_DIR; };
		D8FAC328289E98CC0029FB34 /* MacLandmarksUITests.swift */ = {isa = PBXFileReference; lastKnownFileType = sourcecode.swift; path = MacLandmarksUITests.swift; sourceTree = "<group>"; };
		D8FAC32A289E98CC0029FB34 /* Info.plist */ = {isa = PBXFileReference; lastKnownFileType = text.plist.xml; path = Info.plist; sourceTree = "<group>"; };
		D8FAC362289EB16C0029FB34 /* LandmarkDetail.swift */ = {isa = PBXFileReference; lastKnownFileType = sourcecode.swift; path = LandmarkDetail.swift; sourceTree = "<group>"; };
/* End PBXFileReference section */

/* Begin PBXFrameworksBuildPhase section */
		D8064FE02867F618008E483F /* Frameworks */ = {
			isa = PBXFrameworksBuildPhase;
			buildActionMask = 2147483647;
			files = (
			);
			runOnlyForDeploymentPostprocessing = 0;
		};
		D8064FF12867F619008E483F /* Frameworks */ = {
			isa = PBXFrameworksBuildPhase;
			buildActionMask = 2147483647;
			files = (
			);
			runOnlyForDeploymentPostprocessing = 0;
		};
		D8064FFC2867F619008E483F /* Frameworks */ = {
			isa = PBXFrameworksBuildPhase;
			buildActionMask = 2147483647;
			files = (
			);
			runOnlyForDeploymentPostprocessing = 0;
		};
		D8F611A1289803DC002D3F74 /* Frameworks */ = {
			isa = PBXFrameworksBuildPhase;
			buildActionMask = 2147483647;
			files = (
			);
			runOnlyForDeploymentPostprocessing = 0;
		};
		D8FAC305289E98CA0029FB34 /* Frameworks */ = {
			isa = PBXFrameworksBuildPhase;
			buildActionMask = 2147483647;
			files = (
			);
			runOnlyForDeploymentPostprocessing = 0;
		};
		D8FAC316289E98CC0029FB34 /* Frameworks */ = {
			isa = PBXFrameworksBuildPhase;
			buildActionMask = 2147483647;
			files = (
			);
			runOnlyForDeploymentPostprocessing = 0;
		};
		D8FAC321289E98CC0029FB34 /* Frameworks */ = {
			isa = PBXFrameworksBuildPhase;
			buildActionMask = 2147483647;
			files = (
			);
			runOnlyForDeploymentPostprocessing = 0;
		};
/* End PBXFrameworksBuildPhase section */

/* Begin PBXGroup section */
		D80026022869E97A00BA0271 /* Landmarks */ = {
			isa = PBXGroup;
			children = (
				D806504B28685014008E483F /* LandmarkList.swift */,
				D80650502868596C008E483F /* LandmarkDetail.swift */,
				D806504628680490008E483F /* LandmarkRow.swift */,
			);
			path = Landmarks;
			sourceTree = "<group>";
		};
		D80026062869E98100BA0271 /* Helpers */ = {
			isa = PBXGroup;
			children = (
				D80650142867F695008E483F /* CircleImage.swift */,
				D80650292867FC6F008E483F /* MapView.swift */,
				D80025FD2869E77100BA0271 /* FavoriteButton.swift */,
			);
			path = Helpers;
			sourceTree = "<group>";
		};
		D8064FDA2867F618008E483F = {
			isa = PBXGroup;
			children = (
				D8064FE52867F618008E483F /* Landmarks */,
				D8064FF72867F619008E483F /* LandmarksTests */,
				D80650022867F619008E483F /* LandmarksUITests */,
				D8F6119C289803DA002D3F74 /* WatchLandmarks */,
				D8F611A8289803DC002D3F74 /* WatchLandmarks Extension */,
				D8FAC309289E98CA0029FB34 /* MacLandmarks */,
				D8FAC31C289E98CC0029FB34 /* MacLandmarksTests */,
				D8FAC327289E98CC0029FB34 /* MacLandmarksUITests */,
				D8064FE42867F618008E483F /* Products */,
			);
			sourceTree = "<group>";
		};
		D8064FE42867F618008E483F /* Products */ = {
			isa = PBXGroup;
			children = (
				D8064FE32867F618008E483F /* Landmarks.app */,
				D8064FF42867F619008E483F /* LandmarksTests.xctest */,
				D8064FFF2867F619008E483F /* LandmarksUITests.xctest */,
				D8F6119B289803DA002D3F74 /* WatchLandmarks.app */,
				D8F611A4289803DC002D3F74 /* WatchLandmarks Extension.appex */,
				D8FAC308289E98CA0029FB34 /* MacLandmarks.app */,
				D8FAC319289E98CC0029FB34 /* MacLandmarksTests.xctest */,
				D8FAC324289E98CC0029FB34 /* MacLandmarksUITests.xctest */,
			);
			name = Products;
			sourceTree = "<group>";
		};
		D8064FE52867F618008E483F /* Landmarks */ = {
			isa = PBXGroup;
			children = (
				D8064FE62867F618008E483F /* LandmarksApp.swift */,
				D80650382867FF50008E483F /* Models */,
				D80650332867FF00008E483F /* Views */,
				D80650372867FF0F008E483F /* Resources */,
				D8064FEA2867F619008E483F /* Assets.xcassets */,
				D8064FEF2867F619008E483F /* Info.plist */,
				D8064FEC2867F619008E483F /* Preview Content */,
			);
			path = Landmarks;
			sourceTree = "<group>";
		};
		D8064FEC2867F619008E483F /* Preview Content */ = {
			isa = PBXGroup;
			children = (
				D8064FED2867F619008E483F /* Preview Assets.xcassets */,
			);
			path = "Preview Content";
			sourceTree = "<group>";
		};
		D8064FF72867F619008E483F /* LandmarksTests */ = {
			isa = PBXGroup;
			children = (
				D8064FF82867F619008E483F /* LandmarksTests.swift */,
				D8064FFA2867F619008E483F /* Info.plist */,
			);
			path = LandmarksTests;
			sourceTree = "<group>";
		};
		D80650022867F619008E483F /* LandmarksUITests */ = {
			isa = PBXGroup;
			children = (
				D80650032867F619008E483F /* LandmarksUITests.swift */,
				D80650052867F619008E483F /* Info.plist */,
			);
			path = LandmarksUITests;
			sourceTree = "<group>";
		};
		D80650332867FF00008E483F /* Views */ = {
			isa = PBXGroup;
			children = (
				D8064FE82867F618008E483F /* ContentView.swift */,
				D8E95BC928901F0E0014971A /* PageView */,
				D8998A552887FD9700F951F0 /* Profiles */,
				D8E81451287C535C00577432 /* Categories */,
				D813145D28732C65003D9DCC /* Hikes */,
				D80026022869E97A00BA0271 /* Landmarks */,
				D891378A28717FEE007872CB /* Badge */,
				D80026062869E98100BA0271 /* Helpers */,
			);
			path = Views;
			sourceTree = "<group>";
		};
		D80650372867FF0F008E483F /* Resources */ = {
			isa = PBXGroup;
			children = (
				D81314582873281A003D9DCC /* hikeData.json */,
				D806502E2867FEC7008E483F /* landmarkData.json */,
			);
			path = Resources;
			sourceTree = "<group>";
		};
		D80650382867FF50008E483F /* Models */ = {
			isa = PBXGroup;
			children = (
				D80650392867FF65008E483F /* Landmark.swift */,
				D8065041286801FD008E483F /* ModelData.swift */,
				D813145328732738003D9DCC /* Hike.swift */,
				D8998A502887FC5600F951F0 /* Profile.swift */,
			);
			path = Models;
			sourceTree = "<group>";
		};
		D813145D28732C65003D9DCC /* Hikes */ = {
			isa = PBXGroup;
			children = (
				D813145E28732C65003D9DCC /* GraphCapsule.swift */,
				D813145F28732C65003D9DCC /* HikeGraph.swift */,
				D813146028732C65003D9DCC /* HikeDetail.swift */,
				D813146128732C65003D9DCC /* HikeView.swift */,
				D8998A602888002600F951F0 /* HikeBadge.swift */,
			);
			path = Hikes;
			sourceTree = "<group>";
		};
		D891378A28717FEE007872CB /* Badge */ = {
			isa = PBXGroup;
			children = (
				D891378528717D7F007872CB /* Badge.swift */,
				D891377128714D75007872CB /* HexagonParameters.swift */,
				D8913776287150D1007872CB /* BadgeBackground.swift */,
				D891377B28715EFB007872CB /* BadgeSymbol.swift */,
				D891378028717CD4007872CB /* RotatedBadgeSymbol.swift */,
			);
			path = Badge;
			sourceTree = "<group>";
		};
		D8998A552887FD9700F951F0 /* Profiles */ = {
			isa = PBXGroup;
			children = (
				D8998A562887FDB600F951F0 /* ProfileHost.swift */,
				D8951624288D68C000BD4FFB /* ProfileEditor.swift */,
				D8998A5B2887FE5000F951F0 /* ProfileSummary.swift */,
			);
			path = Profiles;
			sourceTree = "<group>";
		};
		D8E81451287C535C00577432 /* Categories */ = {
			isa = PBXGroup;
			children = (
				D8E8145A287C53B600577432 /* CategoryHome.swift */,
				D89666BE2882C8140036714A /* CategoryRow.swift */,
				D8E6F754288410EC00517281 /* CategoryItem.swift */,
			);
			path = Categories;
			sourceTree = "<group>";
		};
		D8E95BC928901F0E0014971A /* PageView */ = {
			isa = PBXGroup;
			children = (
				D8E95BD4289027150014971A /* PageView.swift */,
				D8E95BCA28901FBA0014971A /* PageViewController.swift */,
				D8E95BCF289023700014971A /* FeatureCard.swift */,
				D8B80BBB289648D80004012E /* PageControl.swift */,
			);
			path = PageView;
			sourceTree = "<group>";
		};
		D8F6119C289803DA002D3F74 /* WatchLandmarks */ = {
			isa = PBXGroup;
			children = (
				D8F6119D289803DC002D3F74 /* Assets.xcassets */,
				D8F6119F289803DC002D3F74 /* Info.plist */,
			);
			path = WatchLandmarks;
			sourceTree = "<group>";
		};
		D8F611A8289803DC002D3F74 /* WatchLandmarks Extension */ = {
			isa = PBXGroup;
			children = (
				D8F611AB289803DC002D3F74 /* ContentView.swift */,
				D8F611AD289803DC002D3F74 /* NotificationController.swift */,
				D8F611AF289803DC002D3F74 /* NotificationView.swift */,
				D8F611B1289803DC002D3F74 /* ComplicationController.swift */,
				D83F9C9B289FBB09001C488E /* LandmarkList.swift */,
				D8F611E528980837002D3F74 /* LandmarkDetail.swift */,
				D8F611B3289803DC002D3F74 /* Assets.xcassets */,
				D8F611B8289803DC002D3F74 /* Info.plist */,
				D8F611B9289803DC002D3F74 /* PushNotificationPayload.apns */,
				D8F611B5289803DC002D3F74 /* Preview Content */,
			);
			path = "WatchLandmarks Extension";
			sourceTree = "<group>";
		};
		D8F611B5289803DC002D3F74 /* Preview Content */ = {
			isa = PBXGroup;
			children = (
				D8F611B6289803DC002D3F74 /* Preview Assets.xcassets */,
			);
			path = "Preview Content";
			sourceTree = "<group>";
		};
		D8FAC309289E98CA0029FB34 /* MacLandmarks */ = {
			isa = PBXGroup;
			children = (
				D8FAC30C289E98CA0029FB34 /* ContentView.swift */,
				D8FAC362289EB16C0029FB34 /* LandmarkDetail.swift */,
				D83F9CB5289FC6F3001C488E /* LandmarkCommands.swift */,
				D84A434F28A3EC78002E0402 /* LandmarkSettings.swift */,
				D8FAC30E289E98CC0029FB34 /* Assets.xcassets */,
				D8FAC313289E98CC0029FB34 /* Info.plist */,
				D8FAC314289E98CC0029FB34 /* MacLandmarks.entitlements */,
				D8FAC310289E98CC0029FB34 /* Preview Content */,
			);
			path = MacLandmarks;
			sourceTree = "<group>";
		};
		D8FAC310289E98CC0029FB34 /* Preview Content */ = {
			isa = PBXGroup;
			children = (
				D8FAC311289E98CC0029FB34 /* Preview Assets.xcassets */,
			);
			path = "Preview Content";
			sourceTree = "<group>";
		};
		D8FAC31C289E98CC0029FB34 /* MacLandmarksTests */ = {
			isa = PBXGroup;
			children = (
				D8FAC31D289E98CC0029FB34 /* MacLandmarksTests.swift */,
				D8FAC31F289E98CC0029FB34 /* Info.plist */,
			);
			path = MacLandmarksTests;
			sourceTree = "<group>";
		};
		D8FAC327289E98CC0029FB34 /* MacLandmarksUITests */ = {
			isa = PBXGroup;
			children = (
				D8FAC328289E98CC0029FB34 /* MacLandmarksUITests.swift */,
				D8FAC32A289E98CC0029FB34 /* Info.plist */,
			);
			path = MacLandmarksUITests;
			sourceTree = "<group>";
		};
/* End PBXGroup section */

/* Begin PBXNativeTarget section */
		D8064FE22867F618008E483F /* Landmarks */ = {
			isa = PBXNativeTarget;
			buildConfigurationList = D80650082867F619008E483F /* Build configuration list for PBXNativeTarget "Landmarks" */;
			buildPhases = (
				D8064FDF2867F618008E483F /* Sources */,
				D8064FE02867F618008E483F /* Frameworks */,
				D8064FE12867F618008E483F /* Resources */,
				D8F611BD289803DC002D3F74 /* Embed Watch Content */,
			);
			buildRules = (
			);
			dependencies = (
				D8F611BB289803DC002D3F74 /* PBXTargetDependency */,
			);
			name = Landmarks;
			productName = Landmarks;
			productReference = D8064FE32867F618008E483F /* Landmarks.app */;
			productType = "com.apple.product-type.application";
		};
		D8064FF32867F619008E483F /* LandmarksTests */ = {
			isa = PBXNativeTarget;
			buildConfigurationList = D806500B2867F619008E483F /* Build configuration list for PBXNativeTarget "LandmarksTests" */;
			buildPhases = (
				D8064FF02867F619008E483F /* Sources */,
				D8064FF12867F619008E483F /* Frameworks */,
				D8064FF22867F619008E483F /* Resources */,
			);
			buildRules = (
			);
			dependencies = (
				D8064FF62867F619008E483F /* PBXTargetDependency */,
			);
			name = LandmarksTests;
			productName = LandmarksTests;
			productReference = D8064FF42867F619008E483F /* LandmarksTests.xctest */;
			productType = "com.apple.product-type.bundle.unit-test";
		};
		D8064FFE2867F619008E483F /* LandmarksUITests */ = {
			isa = PBXNativeTarget;
			buildConfigurationList = D806500E2867F619008E483F /* Build configuration list for PBXNativeTarget "LandmarksUITests" */;
			buildPhases = (
				D8064FFB2867F619008E483F /* Sources */,
				D8064FFC2867F619008E483F /* Frameworks */,
				D8064FFD2867F619008E483F /* Resources */,
			);
			buildRules = (
			);
			dependencies = (
				D80650012867F619008E483F /* PBXTargetDependency */,
			);
			name = LandmarksUITests;
			productName = LandmarksUITests;
			productReference = D8064FFF2867F619008E483F /* LandmarksUITests.xctest */;
			productType = "com.apple.product-type.bundle.ui-testing";
		};
		D8F6119A289803DA002D3F74 /* WatchLandmarks */ = {
			isa = PBXNativeTarget;
			buildConfigurationList = D8F611C4289803DC002D3F74 /* Build configuration list for PBXNativeTarget "WatchLandmarks" */;
			buildPhases = (
				D8F61199289803DA002D3F74 /* Resources */,
				D8F611C0289803DC002D3F74 /* Embed App Extensions */,
			);
			buildRules = (
			);
			dependencies = (
				D8F611A7289803DC002D3F74 /* PBXTargetDependency */,
			);
			name = WatchLandmarks;
			productName = WatchLandmarks;
			productReference = D8F6119B289803DA002D3F74 /* WatchLandmarks.app */;
			productType = "com.apple.product-type.application.watchapp2";
		};
		D8F611A3289803DC002D3F74 /* WatchLandmarks Extension */ = {
			isa = PBXNativeTarget;
			buildConfigurationList = D8F611C3289803DC002D3F74 /* Build configuration list for PBXNativeTarget "WatchLandmarks Extension" */;
			buildPhases = (
				D8F611A0289803DC002D3F74 /* Sources */,
				D8F611A1289803DC002D3F74 /* Frameworks */,
				D8F611A2289803DC002D3F74 /* Resources */,
			);
			buildRules = (
			);
			dependencies = (
			);
			name = "WatchLandmarks Extension";
			productName = "WatchLandmarks Extension";
			productReference = D8F611A4289803DC002D3F74 /* WatchLandmarks Extension.appex */;
			productType = "com.apple.product-type.watchkit2-extension";
		};
		D8FAC307289E98CA0029FB34 /* MacLandmarks */ = {
			isa = PBXNativeTarget;
			buildConfigurationList = D8FAC331289E98CC0029FB34 /* Build configuration list for PBXNativeTarget "MacLandmarks" */;
			buildPhases = (
				D8FAC304289E98CA0029FB34 /* Sources */,
				D8FAC305289E98CA0029FB34 /* Frameworks */,
				D8FAC306289E98CA0029FB34 /* Resources */,
			);
			buildRules = (
			);
			dependencies = (
			);
			name = MacLandmarks;
			productName = MacLandmarks;
			productReference = D8FAC308289E98CA0029FB34 /* MacLandmarks.app */;
			productType = "com.apple.product-type.application";
		};
		D8FAC318289E98CC0029FB34 /* MacLandmarksTests */ = {
			isa = PBXNativeTarget;
			buildConfigurationList = D8FAC332289E98CC0029FB34 /* Build configuration list for PBXNativeTarget "MacLandmarksTests" */;
			buildPhases = (
				D8FAC315289E98CC0029FB34 /* Sources */,
				D8FAC316289E98CC0029FB34 /* Frameworks */,
				D8FAC317289E98CC0029FB34 /* Resources */,
			);
			buildRules = (
			);
			dependencies = (
				D8FAC31B289E98CC0029FB34 /* PBXTargetDependency */,
			);
			name = MacLandmarksTests;
			productName = MacLandmarksTests;
			productReference = D8FAC319289E98CC0029FB34 /* MacLandmarksTests.xctest */;
			productType = "com.apple.product-type.bundle.unit-test";
		};
		D8FAC323289E98CC0029FB34 /* MacLandmarksUITests */ = {
			isa = PBXNativeTarget;
			buildConfigurationList = D8FAC333289E98CC0029FB34 /* Build configuration list for PBXNativeTarget "MacLandmarksUITests" */;
			buildPhases = (
				D8FAC320289E98CC0029FB34 /* Sources */,
				D8FAC321289E98CC0029FB34 /* Frameworks */,
				D8FAC322289E98CC0029FB34 /* Resources */,
			);
			buildRules = (
			);
			dependencies = (
				D8FAC326289E98CC0029FB34 /* PBXTargetDependency */,
			);
			name = MacLandmarksUITests;
			productName = MacLandmarksUITests;
			productReference = D8FAC324289E98CC0029FB34 /* MacLandmarksUITests.xctest */;
			productType = "com.apple.product-type.bundle.ui-testing";
		};
/* End PBXNativeTarget section */

/* Begin PBXProject section */
		D8064FDB2867F618008E483F /* Project object */ = {
			isa = PBXProject;
			attributes = {
				LastSwiftUpdateCheck = 1240;
				LastUpgradeCheck = 1240;
				TargetAttributes = {
					D8064FE22867F618008E483F = {
						CreatedOnToolsVersion = 12.4;
					};
					D8064FF32867F619008E483F = {
						CreatedOnToolsVersion = 12.4;
						TestTargetID = D8064FE22867F618008E483F;
					};
					D8064FFE2867F619008E483F = {
						CreatedOnToolsVersion = 12.4;
						TestTargetID = D8064FE22867F618008E483F;
					};
					D8F6119A289803DA002D3F74 = {
						CreatedOnToolsVersion = 12.4;
					};
					D8F611A3289803DC002D3F74 = {
						CreatedOnToolsVersion = 12.4;
					};
					D8FAC307289E98CA0029FB34 = {
						CreatedOnToolsVersion = 12.4;
					};
					D8FAC318289E98CC0029FB34 = {
						CreatedOnToolsVersion = 12.4;
						TestTargetID = D8FAC307289E98CA0029FB34;
					};
					D8FAC323289E98CC0029FB34 = {
						CreatedOnToolsVersion = 12.4;
						TestTargetID = D8FAC307289E98CA0029FB34;
					};
				};
			};
			buildConfigurationList = D8064FDE2867F618008E483F /* Build configuration list for PBXProject "Landmarks" */;
			compatibilityVersion = "Xcode 9.3";
			developmentRegion = en;
			hasScannedForEncodings = 0;
			knownRegions = (
				en,
				Base,
			);
			mainGroup = D8064FDA2867F618008E483F;
			productRefGroup = D8064FE42867F618008E483F /* Products */;
			projectDirPath = "";
			projectRoot = "";
			targets = (
				D8064FE22867F618008E483F /* Landmarks */,
				D8064FF32867F619008E483F /* LandmarksTests */,
				D8064FFE2867F619008E483F /* LandmarksUITests */,
				D8F6119A289803DA002D3F74 /* WatchLandmarks */,
				D8F611A3289803DC002D3F74 /* WatchLandmarks Extension */,
				D8FAC307289E98CA0029FB34 /* MacLandmarks */,
				D8FAC318289E98CC0029FB34 /* MacLandmarksTests */,
				D8FAC323289E98CC0029FB34 /* MacLandmarksUITests */,
			);
		};
/* End PBXProject section */

/* Begin PBXResourcesBuildPhase section */
		D8064FE12867F618008E483F /* Resources */ = {
			isa = PBXResourcesBuildPhase;
			buildActionMask = 2147483647;
			files = (
				D81314592873281A003D9DCC /* hikeData.json in Resources */,
				D8064FEE2867F619008E483F /* Preview Assets.xcassets in Resources */,
				D8064FEB2867F619008E483F /* Assets.xcassets in Resources */,
				D806502F2867FEC7008E483F /* landmarkData.json in Resources */,
			);
			runOnlyForDeploymentPostprocessing = 0;
		};
		D8064FF22867F619008E483F /* Resources */ = {
			isa = PBXResourcesBuildPhase;
			buildActionMask = 2147483647;
			files = (
			);
			runOnlyForDeploymentPostprocessing = 0;
		};
		D8064FFD2867F619008E483F /* Resources */ = {
			isa = PBXResourcesBuildPhase;
			buildActionMask = 2147483647;
			files = (
			);
			runOnlyForDeploymentPostprocessing = 0;
		};
		D8F61199289803DA002D3F74 /* Resources */ = {
			isa = PBXResourcesBuildPhase;
			buildActionMask = 2147483647;
			files = (
				D8F6119E289803DC002D3F74 /* Assets.xcassets in Resources */,
			);
			runOnlyForDeploymentPostprocessing = 0;
		};
		D8F611A2289803DC002D3F74 /* Resources */ = {
			isa = PBXResourcesBuildPhase;
			buildActionMask = 2147483647;
			files = (
				D8F611B7289803DC002D3F74 /* Preview Assets.xcassets in Resources */,
				D8F611B4289803DC002D3F74 /* Assets.xcassets in Resources */,
				D8F611D9289806F2002D3F74 /* Assets.xcassets in Resources */,
				D8F611D8289806F2002D3F74 /* landmarkData.json in Resources */,
				D8F611DE289806F2002D3F74 /* hikeData.json in Resources */,
			);
			runOnlyForDeploymentPostprocessing = 0;
		};
		D8FAC306289E98CA0029FB34 /* Resources */ = {
			isa = PBXResourcesBuildPhase;
			buildActionMask = 2147483647;
			files = (
				D8FAC312289E98CC0029FB34 /* Preview Assets.xcassets in Resources */,
				D8FAC344289EAFFC0029FB34 /* hikeData.json in Resources */,
				D8FAC345289EAFFC0029FB34 /* Assets.xcassets in Resources */,
				D8FAC347289EAFFC0029FB34 /* landmarkData.json in Resources */,
				D8FAC30F289E98CC0029FB34 /* Assets.xcassets in Resources */,
			);
			runOnlyForDeploymentPostprocessing = 0;
		};
		D8FAC317289E98CC0029FB34 /* Resources */ = {
			isa = PBXResourcesBuildPhase;
			buildActionMask = 2147483647;
			files = (
			);
			runOnlyForDeploymentPostprocessing = 0;
		};
		D8FAC322289E98CC0029FB34 /* Resources */ = {
			isa = PBXResourcesBuildPhase;
			buildActionMask = 2147483647;
			files = (
			);
			runOnlyForDeploymentPostprocessing = 0;
		};
/* End PBXResourcesBuildPhase section */

/* Begin PBXSourcesBuildPhase section */
		D8064FDF2867F618008E483F /* Sources */ = {
			isa = PBXSourcesBuildPhase;
			buildActionMask = 2147483647;
			files = (
				D89666BF2882C8140036714A /* CategoryRow.swift in Sources */,
				D8998A512887FC5600F951F0 /* Profile.swift in Sources */,
				D83F9CD9289FC703001C488E /* LandmarkCommands.swift in Sources */,
				D8064FE92867F618008E483F /* ContentView.swift in Sources */,
				D8E8145B287C53B600577432 /* CategoryHome.swift in Sources */,
				D8E95BD0289023700014971A /* FeatureCard.swift in Sources */,
				D813146328732C65003D9DCC /* HikeGraph.swift in Sources */,
				D891378628717D7F007872CB /* Badge.swift in Sources */,
				D806502A2867FC6F008E483F /* MapView.swift in Sources */,
				D813146228732C65003D9DCC /* GraphCapsule.swift in Sources */,
				D8064FE72867F618008E483F /* LandmarksApp.swift in Sources */,
				D8B80BBC289648D80004012E /* PageControl.swift in Sources */,
				D80025FE2869E77100BA0271 /* FavoriteButton.swift in Sources */,
				D8E6F755288410EC00517281 /* CategoryItem.swift in Sources */,
				D813146428732C65003D9DCC /* HikeDetail.swift in Sources */,
				D8998A5C2887FE5000F951F0 /* ProfileSummary.swift in Sources */,
				D891377228714D75007872CB /* HexagonParameters.swift in Sources */,
				D8998A572887FDB600F951F0 /* ProfileHost.swift in Sources */,
				D813145428732738003D9DCC /* Hike.swift in Sources */,
				D891378128717CD4007872CB /* RotatedBadgeSymbol.swift in Sources */,
				D8E95BD5289027150014971A /* PageView.swift in Sources */,
				D891377C28715EFB007872CB /* BadgeSymbol.swift in Sources */,
				D8951625288D68C000BD4FFB /* ProfileEditor.swift in Sources */,
				D806504C28685014008E483F /* LandmarkList.swift in Sources */,
				D813146528732C65003D9DCC /* HikeView.swift in Sources */,
				D80650512868596C008E483F /* LandmarkDetail.swift in Sources */,
				D8E95BCB28901FBA0014971A /* PageViewController.swift in Sources */,
				D8913777287150D1007872CB /* BadgeBackground.swift in Sources */,
				D8998A612888002600F951F0 /* HikeBadge.swift in Sources */,
				D80650152867F695008E483F /* CircleImage.swift in Sources */,
				D806503A2867FF65008E483F /* Landmark.swift in Sources */,
				D806504728680490008E483F /* LandmarkRow.swift in Sources */,
				D8065042286801FD008E483F /* ModelData.swift in Sources */,
			);
			runOnlyForDeploymentPostprocessing = 0;
		};
		D8064FF02867F619008E483F /* Sources */ = {
			isa = PBXSourcesBuildPhase;
			buildActionMask = 2147483647;
			files = (
				D8064FF92867F619008E483F /* LandmarksTests.swift in Sources */,
			);
			runOnlyForDeploymentPostprocessing = 0;
		};
		D8064FFB2867F619008E483F /* Sources */ = {
			isa = PBXSourcesBuildPhase;
			buildActionMask = 2147483647;
			files = (
				D80650042867F619008E483F /* LandmarksUITests.swift in Sources */,
			);
			runOnlyForDeploymentPostprocessing = 0;
		};
		D8F611A0289803DC002D3F74 /* Sources */ = {
			isa = PBXSourcesBuildPhase;
			buildActionMask = 2147483647;
			files = (
				D8F611AE289803DC002D3F74 /* NotificationController.swift in Sources */,
				D8F611DD289806F2002D3F74 /* MapView.swift in Sources */,
				D8F611D7289806F2002D3F74 /* CircleImage.swift in Sources */,
				D8F611D5289806F2002D3F74 /* Profile.swift in Sources */,
				D83F9C9C289FBB09001C488E /* LandmarkList.swift in Sources */,
				D8F611AC289803DC002D3F74 /* ContentView.swift in Sources */,
				D8F611DC289806F2002D3F74 /* Hike.swift in Sources */,
				D8F611E628980837002D3F74 /* LandmarkDetail.swift in Sources */,
				D8F611B2289803DC002D3F74 /* ComplicationController.swift in Sources */,
				D8F611B0289803DC002D3F74 /* NotificationView.swift in Sources */,
				D8F611DB289806F2002D3F74 /* ModelData.swift in Sources */,
				D8F611DF289806F2002D3F74 /* LandmarksApp.swift in Sources */,
				D8F611D6289806F2002D3F74 /* LandmarkRow.swift in Sources */,
				D8F611D4289806F2002D3F74 /* Landmark.swift in Sources */,
			);
			runOnlyForDeploymentPostprocessing = 0;
		};
		D8FAC304289E98CA0029FB34 /* Sources */ = {
			isa = PBXSourcesBuildPhase;
			buildActionMask = 2147483647;
			files = (
				D8FAC30D289E98CA0029FB34 /* ContentView.swift in Sources */,
				D8FAC348289EAFFC0029FB34 /* LandmarksApp.swift in Sources */,
				D84A435028A3EC78002E0402 /* LandmarkSettings.swift in Sources */,
				D8FAC351289EAFFC0029FB34 /* LandmarkRow.swift in Sources */,
				D8FAC349289EAFFC0029FB34 /* Hike.swift in Sources */,
				D83F9CD0289FC6FF001C488E /* LandmarkCommands.swift in Sources */,
				D8FAC363289EB16C0029FB34 /* LandmarkDetail.swift in Sources */,
				D8FAC34D289EAFFC0029FB34 /* FavoriteButton.swift in Sources */,
				D8FAC34C289EAFFC0029FB34 /* LandmarkList.swift in Sources */,
				D8FAC34E289EAFFC0029FB34 /* Landmark.swift in Sources */,
				D8FAC34F289EAFFC0029FB34 /* ModelData.swift in Sources */,
				D8FAC350289EAFFC0029FB34 /* Profile.swift in Sources */,
				D8FAC346289EAFFC0029FB34 /* MapView.swift in Sources */,
				D8FAC34B289EAFFC0029FB34 /* CircleImage.swift in Sources */,
			);
			runOnlyForDeploymentPostprocessing = 0;
		};
		D8FAC315289E98CC0029FB34 /* Sources */ = {
			isa = PBXSourcesBuildPhase;
			buildActionMask = 2147483647;
			files = (
				D8FAC31E289E98CC0029FB34 /* MacLandmarksTests.swift in Sources */,
			);
			runOnlyForDeploymentPostprocessing = 0;
		};
		D8FAC320289E98CC0029FB34 /* Sources */ = {
			isa = PBXSourcesBuildPhase;
			buildActionMask = 2147483647;
			files = (
				D8FAC329289E98CC0029FB34 /* MacLandmarksUITests.swift in Sources */,
			);
			runOnlyForDeploymentPostprocessing = 0;
		};
/* End PBXSourcesBuildPhase section */

/* Begin PBXTargetDependency section */
		D8064FF62867F619008E483F /* PBXTargetDependency */ = {
			isa = PBXTargetDependency;
			target = D8064FE22867F618008E483F /* Landmarks */;
			targetProxy = D8064FF52867F619008E483F /* PBXContainerItemProxy */;
		};
		D80650012867F619008E483F /* PBXTargetDependency */ = {
			isa = PBXTargetDependency;
			target = D8064FE22867F618008E483F /* Landmarks */;
			targetProxy = D80650002867F619008E483F /* PBXContainerItemProxy */;
		};
		D8F611A7289803DC002D3F74 /* PBXTargetDependency */ = {
			isa = PBXTargetDependency;
			target = D8F611A3289803DC002D3F74 /* WatchLandmarks Extension */;
			targetProxy = D8F611A6289803DC002D3F74 /* PBXContainerItemProxy */;
		};
		D8F611BB289803DC002D3F74 /* PBXTargetDependency */ = {
			isa = PBXTargetDependency;
			target = D8F6119A289803DA002D3F74 /* WatchLandmarks */;
			targetProxy = D8F611BA289803DC002D3F74 /* PBXContainerItemProxy */;
		};
		D8FAC31B289E98CC0029FB34 /* PBXTargetDependency */ = {
			isa = PBXTargetDependency;
			target = D8FAC307289E98CA0029FB34 /* MacLandmarks */;
			targetProxy = D8FAC31A289E98CC0029FB34 /* PBXContainerItemProxy */;
		};
		D8FAC326289E98CC0029FB34 /* PBXTargetDependency */ = {
			isa = PBXTargetDependency;
			target = D8FAC307289E98CA0029FB34 /* MacLandmarks */;
			targetProxy = D8FAC325289E98CC0029FB34 /* PBXContainerItemProxy */;
		};
/* End PBXTargetDependency section */

/* Begin XCBuildConfiguration section */
		D80650062867F619008E483F /* Debug */ = {
			isa = XCBuildConfiguration;
			buildSettings = {
				ALWAYS_SEARCH_USER_PATHS = NO;
				CLANG_ANALYZER_NONNULL = YES;
				CLANG_ANALYZER_NUMBER_OBJECT_CONVERSION = YES_AGGRESSIVE;
				CLANG_CXX_LANGUAGE_STANDARD = "gnu++14";
				CLANG_CXX_LIBRARY = "libc++";
				CLANG_ENABLE_MODULES = YES;
				CLANG_ENABLE_OBJC_ARC = YES;
				CLANG_ENABLE_OBJC_WEAK = YES;
				CLANG_WARN_BLOCK_CAPTURE_AUTORELEASING = YES;
				CLANG_WARN_BOOL_CONVERSION = YES;
				CLANG_WARN_COMMA = YES;
				CLANG_WARN_CONSTANT_CONVERSION = YES;
				CLANG_WARN_DEPRECATED_OBJC_IMPLEMENTATIONS = YES;
				CLANG_WARN_DIRECT_OBJC_ISA_USAGE = YES_ERROR;
				CLANG_WARN_DOCUMENTATION_COMMENTS = YES;
				CLANG_WARN_EMPTY_BODY = YES;
				CLANG_WARN_ENUM_CONVERSION = YES;
				CLANG_WARN_INFINITE_RECURSION = YES;
				CLANG_WARN_INT_CONVERSION = YES;
				CLANG_WARN_NON_LITERAL_NULL_CONVERSION = YES;
				CLANG_WARN_OBJC_IMPLICIT_RETAIN_SELF = YES;
				CLANG_WARN_OBJC_LITERAL_CONVERSION = YES;
				CLANG_WARN_OBJC_ROOT_CLASS = YES_ERROR;
				CLANG_WARN_QUOTED_INCLUDE_IN_FRAMEWORK_HEADER = YES;
				CLANG_WARN_RANGE_LOOP_ANALYSIS = YES;
				CLANG_WARN_STRICT_PROTOTYPES = YES;
				CLANG_WARN_SUSPICIOUS_MOVE = YES;
				CLANG_WARN_UNGUARDED_AVAILABILITY = YES_AGGRESSIVE;
				CLANG_WARN_UNREACHABLE_CODE = YES;
				CLANG_WARN__DUPLICATE_METHOD_MATCH = YES;
				COPY_PHASE_STRIP = NO;
				DEBUG_INFORMATION_FORMAT = dwarf;
				ENABLE_STRICT_OBJC_MSGSEND = YES;
				ENABLE_TESTABILITY = YES;
				GCC_C_LANGUAGE_STANDARD = gnu11;
				GCC_DYNAMIC_NO_PIC = NO;
				GCC_NO_COMMON_BLOCKS = YES;
				GCC_OPTIMIZATION_LEVEL = 0;
				GCC_PREPROCESSOR_DEFINITIONS = (
					"DEBUG=1",
					"$(inherited)",
				);
				GCC_WARN_64_TO_32_BIT_CONVERSION = YES;
				GCC_WARN_ABOUT_RETURN_TYPE = YES_ERROR;
				GCC_WARN_UNDECLARED_SELECTOR = YES;
				GCC_WARN_UNINITIALIZED_AUTOS = YES_AGGRESSIVE;
				GCC_WARN_UNUSED_FUNCTION = YES;
				GCC_WARN_UNUSED_VARIABLE = YES;
				IPHONEOS_DEPLOYMENT_TARGET = 14.4;
				MTL_ENABLE_DEBUG_INFO = INCLUDE_SOURCE;
				MTL_FAST_MATH = YES;
				ONLY_ACTIVE_ARCH = YES;
				SDKROOT = iphoneos;
				SWIFT_ACTIVE_COMPILATION_CONDITIONS = DEBUG;
				SWIFT_OPTIMIZATION_LEVEL = "-Onone";
			};
			name = Debug;
		};
		D80650072867F619008E483F /* Release */ = {
			isa = XCBuildConfiguration;
			buildSettings = {
				ALWAYS_SEARCH_USER_PATHS = NO;
				CLANG_ANALYZER_NONNULL = YES;
				CLANG_ANALYZER_NUMBER_OBJECT_CONVERSION = YES_AGGRESSIVE;
				CLANG_CXX_LANGUAGE_STANDARD = "gnu++14";
				CLANG_CXX_LIBRARY = "libc++";
				CLANG_ENABLE_MODULES = YES;
				CLANG_ENABLE_OBJC_ARC = YES;
				CLANG_ENABLE_OBJC_WEAK = YES;
				CLANG_WARN_BLOCK_CAPTURE_AUTORELEASING = YES;
				CLANG_WARN_BOOL_CONVERSION = YES;
				CLANG_WARN_COMMA = YES;
				CLANG_WARN_CONSTANT_CONVERSION = YES;
				CLANG_WARN_DEPRECATED_OBJC_IMPLEMENTATIONS = YES;
				CLANG_WARN_DIRECT_OBJC_ISA_USAGE = YES_ERROR;
				CLANG_WARN_DOCUMENTATION_COMMENTS = YES;
				CLANG_WARN_EMPTY_BODY = YES;
				CLANG_WARN_ENUM_CONVERSION = YES;
				CLANG_WARN_INFINITE_RECURSION = YES;
				CLANG_WARN_INT_CONVERSION = YES;
				CLANG_WARN_NON_LITERAL_NULL_CONVERSION = YES;
				CLANG_WARN_OBJC_IMPLICIT_RETAIN_SELF = YES;
				CLANG_WARN_OBJC_LITERAL_CONVERSION = YES;
				CLANG_WARN_OBJC_ROOT_CLASS = YES_ERROR;
				CLANG_WARN_QUOTED_INCLUDE_IN_FRAMEWORK_HEADER = YES;
				CLANG_WARN_RANGE_LOOP_ANALYSIS = YES;
				CLANG_WARN_STRICT_PROTOTYPES = YES;
				CLANG_WARN_SUSPICIOUS_MOVE = YES;
				CLANG_WARN_UNGUARDED_AVAILABILITY = YES_AGGRESSIVE;
				CLANG_WARN_UNREACHABLE_CODE = YES;
				CLANG_WARN__DUPLICATE_METHOD_MATCH = YES;
				COPY_PHASE_STRIP = NO;
				DEBUG_INFORMATION_FORMAT = "dwarf-with-dsym";
				ENABLE_NS_ASSERTIONS = NO;
				ENABLE_STRICT_OBJC_MSGSEND = YES;
				GCC_C_LANGUAGE_STANDARD = gnu11;
				GCC_NO_COMMON_BLOCKS = YES;
				GCC_WARN_64_TO_32_BIT_CONVERSION = YES;
				GCC_WARN_ABOUT_RETURN_TYPE = YES_ERROR;
				GCC_WARN_UNDECLARED_SELECTOR = YES;
				GCC_WARN_UNINITIALIZED_AUTOS = YES_AGGRESSIVE;
				GCC_WARN_UNUSED_FUNCTION = YES;
				GCC_WARN_UNUSED_VARIABLE = YES;
				IPHONEOS_DEPLOYMENT_TARGET = 14.4;
				MTL_ENABLE_DEBUG_INFO = NO;
				MTL_FAST_MATH = YES;
				SDKROOT = iphoneos;
				SWIFT_COMPILATION_MODE = wholemodule;
				SWIFT_OPTIMIZATION_LEVEL = "-O";
				VALIDATE_PRODUCT = YES;
			};
			name = Release;
		};
		D80650092867F619008E483F /* Debug */ = {
			isa = XCBuildConfiguration;
			buildSettings = {
				ASSETCATALOG_COMPILER_APPICON_NAME = AppIcon;
				ASSETCATALOG_COMPILER_GLOBAL_ACCENT_COLOR_NAME = AccentColor;
				CODE_SIGN_STYLE = Automatic;
				DEVELOPMENT_ASSET_PATHS = "\"Landmarks/Preview Content\"";
				DEVELOPMENT_TEAM = APPNUV3GRD;
				ENABLE_PREVIEWS = YES;
				INFOPLIST_FILE = Landmarks/Info.plist;
				IPHONEOS_DEPLOYMENT_TARGET = 14.0;
				LD_RUNPATH_SEARCH_PATHS = (
					"$(inherited)",
					"@executable_path/Frameworks",
				);
				PRODUCT_BUNDLE_IDENTIFIER = com.gaoshenyu.Landmarks;
				PRODUCT_NAME = "$(TARGET_NAME)";
				SWIFT_VERSION = 5.0;
				TARGETED_DEVICE_FAMILY = "1,2";
			};
			name = Debug;
		};
		D806500A2867F619008E483F /* Release */ = {
			isa = XCBuildConfiguration;
			buildSettings = {
				ASSETCATALOG_COMPILER_APPICON_NAME = AppIcon;
				ASSETCATALOG_COMPILER_GLOBAL_ACCENT_COLOR_NAME = AccentColor;
				CODE_SIGN_STYLE = Automatic;
				DEVELOPMENT_ASSET_PATHS = "\"Landmarks/Preview Content\"";
				DEVELOPMENT_TEAM = APPNUV3GRD;
				ENABLE_PREVIEWS = YES;
				INFOPLIST_FILE = Landmarks/Info.plist;
				IPHONEOS_DEPLOYMENT_TARGET = 14.0;
				LD_RUNPATH_SEARCH_PATHS = (
					"$(inherited)",
					"@executable_path/Frameworks",
				);
				PRODUCT_BUNDLE_IDENTIFIER = com.gaoshenyu.Landmarks;
				PRODUCT_NAME = "$(TARGET_NAME)";
				SWIFT_VERSION = 5.0;
				TARGETED_DEVICE_FAMILY = "1,2";
			};
			name = Release;
		};
		D806500C2867F619008E483F /* Debug */ = {
			isa = XCBuildConfiguration;
			buildSettings = {
				ALWAYS_EMBED_SWIFT_STANDARD_LIBRARIES = YES;
				BUNDLE_LOADER = "$(TEST_HOST)";
				CODE_SIGN_STYLE = Automatic;
				DEVELOPMENT_TEAM = APPNUV3GRD;
				INFOPLIST_FILE = LandmarksTests/Info.plist;
				IPHONEOS_DEPLOYMENT_TARGET = 14.0;
				LD_RUNPATH_SEARCH_PATHS = (
					"$(inherited)",
					"@executable_path/Frameworks",
					"@loader_path/Frameworks",
				);
				PRODUCT_BUNDLE_IDENTIFIER = com.gaoshenyu.LandmarksTests;
				PRODUCT_NAME = "$(TARGET_NAME)";
				SWIFT_VERSION = 5.0;
				TARGETED_DEVICE_FAMILY = "1,2";
				TEST_HOST = "$(BUILT_PRODUCTS_DIR)/Landmarks.app/Landmarks";
			};
			name = Debug;
		};
		D806500D2867F619008E483F /* Release */ = {
			isa = XCBuildConfiguration;
			buildSettings = {
				ALWAYS_EMBED_SWIFT_STANDARD_LIBRARIES = YES;
				BUNDLE_LOADER = "$(TEST_HOST)";
				CODE_SIGN_STYLE = Automatic;
				DEVELOPMENT_TEAM = APPNUV3GRD;
				INFOPLIST_FILE = LandmarksTests/Info.plist;
				IPHONEOS_DEPLOYMENT_TARGET = 14.0;
				LD_RUNPATH_SEARCH_PATHS = (
					"$(inherited)",
					"@executable_path/Frameworks",
					"@loader_path/Frameworks",
				);
				PRODUCT_BUNDLE_IDENTIFIER = com.gaoshenyu.LandmarksTests;
				PRODUCT_NAME = "$(TARGET_NAME)";
				SWIFT_VERSION = 5.0;
				TARGETED_DEVICE_FAMILY = "1,2";
				TEST_HOST = "$(BUILT_PRODUCTS_DIR)/Landmarks.app/Landmarks";
			};
			name = Release;
		};
		D806500F2867F619008E483F /* Debug */ = {
			isa = XCBuildConfiguration;
			buildSettings = {
				ALWAYS_EMBED_SWIFT_STANDARD_LIBRARIES = YES;
				CODE_SIGN_STYLE = Automatic;
				DEVELOPMENT_TEAM = APPNUV3GRD;
				INFOPLIST_FILE = LandmarksUITests/Info.plist;
				LD_RUNPATH_SEARCH_PATHS = (
					"$(inherited)",
					"@executable_path/Frameworks",
					"@loader_path/Frameworks",
				);
				PRODUCT_BUNDLE_IDENTIFIER = com.gaoshenyu.LandmarksUITests;
				PRODUCT_NAME = "$(TARGET_NAME)";
				SWIFT_VERSION = 5.0;
				TARGETED_DEVICE_FAMILY = "1,2";
				TEST_TARGET_NAME = Landmarks;
			};
			name = Debug;
		};
		D80650102867F619008E483F /* Release */ = {
			isa = XCBuildConfiguration;
			buildSettings = {
				ALWAYS_EMBED_SWIFT_STANDARD_LIBRARIES = YES;
				CODE_SIGN_STYLE = Automatic;
				DEVELOPMENT_TEAM = APPNUV3GRD;
				INFOPLIST_FILE = LandmarksUITests/Info.plist;
				LD_RUNPATH_SEARCH_PATHS = (
					"$(inherited)",
					"@executable_path/Frameworks",
					"@loader_path/Frameworks",
				);
				PRODUCT_BUNDLE_IDENTIFIER = com.gaoshenyu.LandmarksUITests;
				PRODUCT_NAME = "$(TARGET_NAME)";
				SWIFT_VERSION = 5.0;
				TARGETED_DEVICE_FAMILY = "1,2";
				TEST_TARGET_NAME = Landmarks;
			};
			name = Release;
		};
		D8F611BE289803DC002D3F74 /* Debug */ = {
			isa = XCBuildConfiguration;
			buildSettings = {
				ALWAYS_EMBED_SWIFT_STANDARD_LIBRARIES = YES;
				ASSETCATALOG_COMPILER_APPICON_NAME = AppIcon;
				ASSETCATALOG_COMPILER_GLOBAL_ACCENT_COLOR_NAME = AccentColor;
				CODE_SIGN_STYLE = Automatic;
				DEVELOPMENT_TEAM = APPNUV3GRD;
				IBSC_MODULE = WatchLandmarks_Extension;
				INFOPLIST_FILE = WatchLandmarks/Info.plist;
				PRODUCT_BUNDLE_IDENTIFIER = com.gaoshenyu.Landmarks.watchkitapp;
				PRODUCT_NAME = "$(TARGET_NAME)";
				SDKROOT = watchos;
				SKIP_INSTALL = YES;
				SWIFT_VERSION = 5.0;
				TARGETED_DEVICE_FAMILY = 4;
				WATCHOS_DEPLOYMENT_TARGET = 7.2;
			};
			name = Debug;
		};
		D8F611BF289803DC002D3F74 /* Release */ = {
			isa = XCBuildConfiguration;
			buildSettings = {
				ALWAYS_EMBED_SWIFT_STANDARD_LIBRARIES = YES;
				ASSETCATALOG_COMPILER_APPICON_NAME = AppIcon;
				ASSETCATALOG_COMPILER_GLOBAL_ACCENT_COLOR_NAME = AccentColor;
				CODE_SIGN_STYLE = Automatic;
				DEVELOPMENT_TEAM = APPNUV3GRD;
				IBSC_MODULE = WatchLandmarks_Extension;
				INFOPLIST_FILE = WatchLandmarks/Info.plist;
				PRODUCT_BUNDLE_IDENTIFIER = com.gaoshenyu.Landmarks.watchkitapp;
				PRODUCT_NAME = "$(TARGET_NAME)";
				SDKROOT = watchos;
				SKIP_INSTALL = YES;
				SWIFT_VERSION = 5.0;
				TARGETED_DEVICE_FAMILY = 4;
				WATCHOS_DEPLOYMENT_TARGET = 7.2;
			};
			name = Release;
		};
		D8F611C1289803DC002D3F74 /* Debug */ = {
			isa = XCBuildConfiguration;
			buildSettings = {
				ASSETCATALOG_COMPILER_COMPLICATION_NAME = Complication;
				CODE_SIGN_STYLE = Automatic;
				DEVELOPMENT_ASSET_PATHS = "\"WatchLandmarks Extension/Preview Content\"";
				DEVELOPMENT_TEAM = APPNUV3GRD;
				ENABLE_PREVIEWS = YES;
				INFOPLIST_FILE = "WatchLandmarks Extension/Info.plist";
				LD_RUNPATH_SEARCH_PATHS = (
					"$(inherited)",
					"@executable_path/Frameworks",
					"@executable_path/../../Frameworks",
				);
				PRODUCT_BUNDLE_IDENTIFIER = com.gaoshenyu.Landmarks.watchkitapp.watchkitextension;
				PRODUCT_NAME = "${TARGET_NAME}";
				SDKROOT = watchos;
				SKIP_INSTALL = YES;
				SWIFT_VERSION = 5.0;
				TARGETED_DEVICE_FAMILY = 4;
				WATCHOS_DEPLOYMENT_TARGET = 7.2;
			};
			name = Debug;
		};
		D8F611C2289803DC002D3F74 /* Release */ = {
			isa = XCBuildConfiguration;
			buildSettings = {
				ASSETCATALOG_COMPILER_COMPLICATION_NAME = Complication;
				CODE_SIGN_STYLE = Automatic;
				DEVELOPMENT_ASSET_PATHS = "\"WatchLandmarks Extension/Preview Content\"";
				DEVELOPMENT_TEAM = APPNUV3GRD;
				ENABLE_PREVIEWS = YES;
				INFOPLIST_FILE = "WatchLandmarks Extension/Info.plist";
				LD_RUNPATH_SEARCH_PATHS = (
					"$(inherited)",
					"@executable_path/Frameworks",
					"@executable_path/../../Frameworks",
				);
				PRODUCT_BUNDLE_IDENTIFIER = com.gaoshenyu.Landmarks.watchkitapp.watchkitextension;
				PRODUCT_NAME = "${TARGET_NAME}";
				SDKROOT = watchos;
				SKIP_INSTALL = YES;
				SWIFT_VERSION = 5.0;
				TARGETED_DEVICE_FAMILY = 4;
				WATCHOS_DEPLOYMENT_TARGET = 7.2;
			};
			name = Release;
		};
		D8FAC32B289E98CC0029FB34 /* Debug */ = {
			isa = XCBuildConfiguration;
			buildSettings = {
				ASSETCATALOG_COMPILER_APPICON_NAME = AppIcon;
				ASSETCATALOG_COMPILER_GLOBAL_ACCENT_COLOR_NAME = AccentColor;
				CODE_SIGN_ENTITLEMENTS = MacLandmarks/MacLandmarks.entitlements;
				CODE_SIGN_STYLE = Automatic;
				COMBINE_HIDPI_IMAGES = YES;
				DEVELOPMENT_ASSET_PATHS = "\"MacLandmarks/Preview Content\"";
				DEVELOPMENT_TEAM = APPNUV3GRD;
				ENABLE_HARDENED_RUNTIME = YES;
				ENABLE_PREVIEWS = YES;
				INFOPLIST_FILE = MacLandmarks/Info.plist;
				LD_RUNPATH_SEARCH_PATHS = (
					"$(inherited)",
					"@executable_path/../Frameworks",
				);
				MACOSX_DEPLOYMENT_TARGET = 11.1;
				PRODUCT_BUNDLE_IDENTIFIER = com.gaoshenyu.MacLandmarks;
				PRODUCT_NAME = "$(TARGET_NAME)";
				SDKROOT = macosx;
				SWIFT_VERSION = 5.0;
			};
			name = Debug;
		};
		D8FAC32C289E98CC0029FB34 /* Release */ = {
			isa = XCBuildConfiguration;
			buildSettings = {
				ASSETCATALOG_COMPILER_APPICON_NAME = AppIcon;
				ASSETCATALOG_COMPILER_GLOBAL_ACCENT_COLOR_NAME = AccentColor;
				CODE_SIGN_ENTITLEMENTS = MacLandmarks/MacLandmarks.entitlements;
				CODE_SIGN_STYLE = Automatic;
				COMBINE_HIDPI_IMAGES = YES;
				DEVELOPMENT_ASSET_PATHS = "\"MacLandmarks/Preview Content\"";
				DEVELOPMENT_TEAM = APPNUV3GRD;
				ENABLE_HARDENED_RUNTIME = YES;
				ENABLE_PREVIEWS = YES;
				INFOPLIST_FILE = MacLandmarks/Info.plist;
				LD_RUNPATH_SEARCH_PATHS = (
					"$(inherited)",
					"@executable_path/../Frameworks",
				);
				MACOSX_DEPLOYMENT_TARGET = 11.1;
				PRODUCT_BUNDLE_IDENTIFIER = com.gaoshenyu.MacLandmarks;
				PRODUCT_NAME = "$(TARGET_NAME)";
				SDKROOT = macosx;
				SWIFT_VERSION = 5.0;
			};
			name = Release;
		};
		D8FAC32D289E98CC0029FB34 /* Debug */ = {
			isa = XCBuildConfiguration;
			buildSettings = {
				ALWAYS_EMBED_SWIFT_STANDARD_LIBRARIES = YES;
				BUNDLE_LOADER = "$(TEST_HOST)";
				CODE_SIGN_STYLE = Automatic;
				COMBINE_HIDPI_IMAGES = YES;
				DEVELOPMENT_TEAM = APPNUV3GRD;
				INFOPLIST_FILE = MacLandmarksTests/Info.plist;
				LD_RUNPATH_SEARCH_PATHS = (
					"$(inherited)",
					"@executable_path/../Frameworks",
					"@loader_path/../Frameworks",
				);
				MACOSX_DEPLOYMENT_TARGET = 11.1;
				PRODUCT_BUNDLE_IDENTIFIER = com.gaoshenyu.MacLandmarksTests;
				PRODUCT_NAME = "$(TARGET_NAME)";
				SDKROOT = macosx;
				SWIFT_VERSION = 5.0;
				TEST_HOST = "$(BUILT_PRODUCTS_DIR)/MacLandmarks.app/Contents/MacOS/MacLandmarks";
			};
			name = Debug;
		};
		D8FAC32E289E98CC0029FB34 /* Release */ = {
			isa = XCBuildConfiguration;
			buildSettings = {
				ALWAYS_EMBED_SWIFT_STANDARD_LIBRARIES = YES;
				BUNDLE_LOADER = "$(TEST_HOST)";
				CODE_SIGN_STYLE = Automatic;
				COMBINE_HIDPI_IMAGES = YES;
				DEVELOPMENT_TEAM = APPNUV3GRD;
				INFOPLIST_FILE = MacLandmarksTests/Info.plist;
				LD_RUNPATH_SEARCH_PATHS = (
					"$(inherited)",
					"@executable_path/../Frameworks",
					"@loader_path/../Frameworks",
				);
				MACOSX_DEPLOYMENT_TARGET = 11.1;
				PRODUCT_BUNDLE_IDENTIFIER = com.gaoshenyu.MacLandmarksTests;
				PRODUCT_NAME = "$(TARGET_NAME)";
				SDKROOT = macosx;
				SWIFT_VERSION = 5.0;
				TEST_HOST = "$(BUILT_PRODUCTS_DIR)/MacLandmarks.app/Contents/MacOS/MacLandmarks";
			};
			name = Release;
		};
		D8FAC32F289E98CC0029FB34 /* Debug */ = {
			isa = XCBuildConfiguration;
			buildSettings = {
				ALWAYS_EMBED_SWIFT_STANDARD_LIBRARIES = YES;
				CODE_SIGN_STYLE = Automatic;
				COMBINE_HIDPI_IMAGES = YES;
				DEVELOPMENT_TEAM = APPNUV3GRD;
				INFOPLIST_FILE = MacLandmarksUITests/Info.plist;
				LD_RUNPATH_SEARCH_PATHS = (
					"$(inherited)",
					"@executable_path/../Frameworks",
					"@loader_path/../Frameworks",
				);
				MACOSX_DEPLOYMENT_TARGET = 11.1;
				PRODUCT_BUNDLE_IDENTIFIER = com.gaoshenyu.MacLandmarksUITests;
				PRODUCT_NAME = "$(TARGET_NAME)";
				SDKROOT = macosx;
				SWIFT_VERSION = 5.0;
				TEST_TARGET_NAME = MacLandmarks;
			};
			name = Debug;
		};
		D8FAC330289E98CC0029FB34 /* Release */ = {
			isa = XCBuildConfiguration;
			buildSettings = {
				ALWAYS_EMBED_SWIFT_STANDARD_LIBRARIES = YES;
				CODE_SIGN_STYLE = Automatic;
				COMBINE_HIDPI_IMAGES = YES;
				DEVELOPMENT_TEAM = APPNUV3GRD;
				INFOPLIST_FILE = MacLandmarksUITests/Info.plist;
				LD_RUNPATH_SEARCH_PATHS = (
					"$(inherited)",
					"@executable_path/../Frameworks",
					"@loader_path/../Frameworks",
				);
				MACOSX_DEPLOYMENT_TARGET = 11.1;
				PRODUCT_BUNDLE_IDENTIFIER = com.gaoshenyu.MacLandmarksUITests;
				PRODUCT_NAME = "$(TARGET_NAME)";
				SDKROOT = macosx;
				SWIFT_VERSION = 5.0;
				TEST_TARGET_NAME = MacLandmarks;
			};
			name = Release;
		};
/* End XCBuildConfiguration section */

/* Begin XCConfigurationList section */
		D8064FDE2867F618008E483F /* Build configuration list for PBXProject "Landmarks" */ = {
			isa = XCConfigurationList;
			buildConfigurations = (
				D80650062867F619008E483F /* Debug */,
				D80650072867F619008E483F /* Release */,
			);
			defaultConfigurationIsVisible = 0;
			defaultConfigurationName = Release;
		};
		D80650082867F619008E483F /* Build configuration list for PBXNativeTarget "Landmarks" */ = {
			isa = XCConfigurationList;
			buildConfigurations = (
				D80650092867F619008E483F /* Debug */,
				D806500A2867F619008E483F /* Release */,
			);
			defaultConfigurationIsVisible = 0;
			defaultConfigurationName = Release;
		};
		D806500B2867F619008E483F /* Build configuration list for PBXNativeTarget "LandmarksTests" */ = {
			isa = XCConfigurationList;
			buildConfigurations = (
				D806500C2867F619008E483F /* Debug */,
				D806500D2867F619008E483F /* Release */,
			);
			defaultConfigurationIsVisible = 0;
			defaultConfigurationName = Release;
		};
		D806500E2867F619008E483F /* Build configuration list for PBXNativeTarget "LandmarksUITests" */ = {
			isa = XCConfigurationList;
			buildConfigurations = (
				D806500F2867F619008E483F /* Debug */,
				D80650102867F619008E483F /* Release */,
			);
			defaultConfigurationIsVisible = 0;
			defaultConfigurationName = Release;
		};
		D8F611C3289803DC002D3F74 /* Build configuration list for PBXNativeTarget "WatchLandmarks Extension" */ = {
			isa = XCConfigurationList;
			buildConfigurations = (
				D8F611C1289803DC002D3F74 /* Debug */,
				D8F611C2289803DC002D3F74 /* Release */,
			);
			defaultConfigurationIsVisible = 0;
			defaultConfigurationName = Release;
		};
		D8F611C4289803DC002D3F74 /* Build configuration list for PBXNativeTarget "WatchLandmarks" */ = {
			isa = XCConfigurationList;
			buildConfigurations = (
				D8F611BE289803DC002D3F74 /* Debug */,
				D8F611BF289803DC002D3F74 /* Release */,
			);
			defaultConfigurationIsVisible = 0;
			defaultConfigurationName = Release;
		};
		D8FAC331289E98CC0029FB34 /* Build configuration list for PBXNativeTarget "MacLandmarks" */ = {
			isa = XCConfigurationList;
			buildConfigurations = (
				D8FAC32B289E98CC0029FB34 /* Debug */,
				D8FAC32C289E98CC0029FB34 /* Release */,
			);
			defaultConfigurationIsVisible = 0;
			defaultConfigurationName = Release;
		};
		D8FAC332289E98CC0029FB34 /* Build configuration list for PBXNativeTarget "MacLandmarksTests" */ = {
			isa = XCConfigurationList;
			buildConfigurations = (
				D8FAC32D289E98CC0029FB34 /* Debug */,
				D8FAC32E289E98CC0029FB34 /* Release */,
			);
			defaultConfigurationIsVisible = 0;
			defaultConfigurationName = Release;
		};
		D8FAC333289E98CC0029FB34 /* Build configuration list for PBXNativeTarget "MacLandmarksUITests" */ = {
			isa = XCConfigurationList;
			buildConfigurations = (
				D8FAC32F289E98CC0029FB34 /* Debug */,
				D8FAC330289E98CC0029FB34 /* Release */,
			);
			defaultConfigurationIsVisible = 0;
			defaultConfigurationName = Release;
		};
/* End XCConfigurationList section */
	};
	rootObject = D8064FDB2867F618008E483F /* Project object */;
}
